Microsoft Visual Studio Solution File, Format Version 12.00
# Visual Studio 15
VisualStudioVersion = 15.0.26730.16
MinimumVisualStudioVersion = 10.0.40219.1
Project("{FAE04EC0-301F-11D3-BF4B-00C04F79EFBC}") = "StoragePal1.1", "StoragePal1.1\StoragePal1.1.csproj", "{65F3177C-D26F-4BD4-BDB8-B6DA85DC4DB8}"
EndProject
Project("{FAE04EC0-301F-11D3-BF4B-00C04F79EFBC}") = "StoragePal1.1.iOS", "iOS\StoragePal1.1.iOS.csproj", "{BD8BB5D5-A2A9-4CC9-86C7-427C93F0C74B}"
EndProject
Project("{FAE04EC0-301F-11D3-BF4B-00C04F79EFBC}") = "StoragePal1.1.Droid", "Droid\StoragePal1.1.Droid.csproj", "{42D855CD-C482-4818-9203-9404C1EBCAA5}"
EndProject
Project("{FAE04EC0-301F-11D3-BF4B-00C04F79EFBC}") = "StoragePalTests", "StoragePalTests\StoragePalTests.csproj", "{808C8B2A-0E2D-4382-B527-7D406CBC616E}"
EndProject
Project("{FAE04EC0-301F-11D3-BF4B-00C04F79EFBC}") = "StoragePalUITest", "StoragePalUITest\StoragePalUITest.csproj", "{391EE7CF-4BE8-451D-AD18-BD5A1509A457}"
EndProject
Global
	GlobalSection(SolutionConfigurationPlatforms) = preSolution
		Debug|Any CPU = Debug|Any CPU
		Debug|iPhone = Debug|iPhone
		Debug|iPhoneSimulator = Debug|iPhoneSimulator
		Release|Any CPU = Release|Any CPU
		Release|iPhone = Release|iPhone
		Release|iPhoneSimulator = Release|iPhoneSimulator
	EndGlobalSection
	GlobalSection(ProjectConfigurationPlatforms) = postSolution
		{65F3177C-D26F-4BD4-BDB8-B6DA85DC4DB8}.Debug|Any CPU.ActiveCfg = Debug|Any CPU
		{65F3177C-D26F-4BD4-BDB8-B6DA85DC4DB8}.Debug|Any CPU.Build.0 = Debug|Any CPU
		{65F3177C-D26F-4BD4-BDB8-B6DA85DC4DB8}.Debug|iPhone.ActiveCfg = Debug|Any CPU
		{65F3177C-D26F-4BD4-BDB8-B6DA85DC4DB8}.Debug|iPhone.Build.0 = Debug|Any CPU
		{65F3177C-D26F-4BD4-BDB8-B6DA85DC4DB8}.Debug|iPhoneSimulator.ActiveCfg = Debug|Any CPU
		{65F3177C-D26F-4BD4-BDB8-B6DA85DC4DB8}.Debug|iPhoneSimulator.Build.0 = Debug|Any CPU
		{65F3177C-D26F-4BD4-BDB8-B6DA85DC4DB8}.Release|Any CPU.ActiveCfg = Release|Any CPU
		{65F3177C-D26F-4BD4-BDB8-B6DA85DC4DB8}.Release|Any CPU.Build.0 = Release|Any CPU
		{65F3177C-D26F-4BD4-BDB8-B6DA85DC4DB8}.Release|iPhone.ActiveCfg = Release|Any CPU
		{65F3177C-D26F-4BD4-BDB8-B6DA85DC4DB8}.Release|iPhone.Build.0 = Release|Any CPU
		{65F3177C-D26F-4BD4-BDB8-B6DA85DC4DB8}.Release|iPhoneSimulator.ActiveCfg = Release|Any CPU
		{65F3177C-D26F-4BD4-BDB8-B6DA85DC4DB8}.Release|iPhoneSimulator.Build.0 = Release|Any CPU
		{BD8BB5D5-A2A9-4CC9-86C7-427C93F0C74B}.Debug|Any CPU.ActiveCfg = Debug|iPhoneSimulator
		{BD8BB5D5-A2A9-4CC9-86C7-427C93F0C74B}.Debug|Any CPU.Build.0 = Debug|iPhoneSimulator
		{BD8BB5D5-A2A9-4CC9-86C7-427C93F0C74B}.Debug|iPhone.ActiveCfg = Debug|iPhone
		{BD8BB5D5-A2A9-4CC9-86C7-427C93F0C74B}.Debug|iPhone.Build.0 = Debug|iPhone
		{BD8BB5D5-A2A9-4CC9-86C7-427C93F0C74B}.Debug|iPhoneSimulator.ActiveCfg = Debug|iPhoneSimulator
		{BD8BB5D5-A2A9-4CC9-86C7-427C93F0C74B}.Debug|iPhoneSimulator.Build.0 = Debug|iPhoneSimulator
		{BD8BB5D5-A2A9-4CC9-86C7-427C93F0C74B}.Release|Any CPU.ActiveCfg = Release|iPhone
		{BD8BB5D5-A2A9-4CC9-86C7-427C93F0C74B}.Release|Any CPU.Build.0 = Release|iPhone
		{BD8BB5D5-A2A9-4CC9-86C7-427C93F0C74B}.Release|iPhone.ActiveCfg = Release|iPhone
		{BD8BB5D5-A2A9-4CC9-86C7-427C93F0C74B}.Release|iPhone.Build.0 = Release|iPhone
		{BD8BB5D5-A2A9-4CC9-86C7-427C93F0C74B}.Release|iPhoneSimulator.ActiveCfg = Release|iPhoneSimulator
		{BD8BB5D5-A2A9-4CC9-86C7-427C93F0C74B}.Release|iPhoneSimulator.Build.0 = Release|iPhoneSimulator
		{42D855CD-C482-4818-9203-9404C1EBCAA5}.Debug|Any CPU.ActiveCfg = Debug|Any CPU
		{42D855CD-C482-4818-9203-9404C1EBCAA5}.Debug|Any CPU.Build.0 = Debug|Any CPU
		{42D855CD-C482-4818-9203-9404C1EBCAA5}.Debug|Any CPU.Deploy.0 = Debug|Any CPU
		{42D855CD-C482-4818-9203-9404C1EBCAA5}.Debug|iPhone.ActiveCfg = Debug|Any CPU
		{42D855CD-C482-4818-9203-9404C1EBCAA5}.Debug|iPhone.Build.0 = Debug|Any CPU
		{42D855CD-C482-4818-9203-9404C1EBCAA5}.Debug|iPhoneSimulator.ActiveCfg = Debug|Any CPU
		{42D855CD-C482-4818-9203-9404C1EBCAA5}.Debug|iPhoneSimulator.Build.0 = Debug|Any CPU
		{42D855CD-C482-4818-9203-9404C1EBCAA5}.Release|Any CPU.ActiveCfg = Release|Any CPU
		{42D855CD-C482-4818-9203-9404C1EBCAA5}.Release|Any CPU.Build.0 = Release|Any CPU
		{42D855CD-C482-4818-9203-9404C1EBCAA5}.Release|iPhone.ActiveCfg = Release|Any CPU
		{42D855CD-C482-4818-9203-9404C1EBCAA5}.Release|iPhone.Build.0 = Release|Any CPU
		{42D855CD-C482-4818-9203-9404C1EBCAA5}.Release|iPhoneSimulator.ActiveCfg = Release|Any CPU
		{42D855CD-C482-4818-9203-9404C1EBCAA5}.Release|iPhoneSimulator.Build.0 = Release|Any CPU
		{808C8B2A-0E2D-4382-B527-7D406CBC616E}.Debug|Any CPU.ActiveCfg = Debug|Any CPU
		{808C8B2A-0E2D-4382-B527-7D406CBC616E}.Debug|Any CPU.Build.0 = Debug|Any CPU
		{808C8B2A-0E2D-4382-B527-7D406CBC616E}.Debug|iPhone.ActiveCfg = Debug|Any CPU
		{808C8B2A-0E2D-4382-B527-7D406CBC616E}.Debug|iPhone.Build.0 = Debug|Any CPU
		{808C8B2A-0E2D-4382-B527-7D406CBC616E}.Debug|iPhoneSimulator.ActiveCfg = Debug|Any CPU
		{808C8B2A-0E2D-4382-B527-7D406CBC616E}.Debug|iPhoneSimulator.Build.0 = Debug|Any CPU
		{808C8B2A-0E2D-4382-B527-7D406CBC616E}.Release|Any CPU.ActiveCfg = Release|Any CPU
		{808C8B2A-0E2D-4382-B527-7D406CBC616E}.Release|Any CPU.Build.0 = Release|Any CPU
		{808C8B2A-0E2D-4382-B527-7D406CBC616E}.Release|iPhone.ActiveCfg = Release|Any CPU
		{808C8B2A-0E2D-4382-B527-7D406CBC616E}.Release|iPhone.Build.0 = Release|Any CPU
		{808C8B2A-0E2D-4382-B527-7D406CBC616E}.Release|iPhoneSimulator.ActiveCfg = Release|Any CPU
		{808C8B2A-0E2D-4382-B527-7D406CBC616E}.Release|iPhoneSimulator.Build.0 = Release|Any CPU
		{391EE7CF-4BE8-451D-AD18-BD5A1509A457}.Debug|Any CPU.ActiveCfg = Debug|Any CPU
		{391EE7CF-4BE8-451D-AD18-BD5A1509A457}.Debug|Any CPU.Build.0 = Debug|Any CPU
		{391EE7CF-4BE8-451D-AD18-BD5A1509A457}.Debug|iPhone.ActiveCfg = Debug|Any CPU
		{391EE7CF-4BE8-451D-AD18-BD5A1509A457}.Debug|iPhone.Build.0 = Debug|Any CPU
		{391EE7CF-4BE8-451D-AD18-BD5A1509A457}.Debug|iPhoneSimulator.ActiveCfg = Debug|Any CPU
		{391EE7CF-4BE8-451D-AD18-BD5A1509A457}.Debug|iPhoneSimulator.Build.0 = Debug|Any CPU
		{391EE7CF-4BE8-451D-AD18-BD5A1509A457}.Release|Any CPU.ActiveCfg = Release|Any CPU
		{391EE7CF-4BE8-451D-AD18-BD5A1509A457}.Release|Any CPU.Build.0 = Release|Any CPU
		{391EE7CF-4BE8-451D-AD18-BD5A1509A457}.Release|iPhone.ActiveCfg = Release|Any CPU
		{391EE7CF-4BE8-451D-AD18-BD5A1509A457}.Release|iPhone.Build.0 = Release|Any CPU
		{391EE7CF-4BE8-451D-AD18-BD5A1509A457}.Release|iPhoneSimulator.ActiveCfg = Release|Any CPU
		{391EE7CF-4BE8-451D-AD18-BD5A1509A457}.Release|iPhoneSimulator.Build.0 = Release|Any CPU
	EndGlobalSection
	GlobalSection(SolutionProperties) = preSolution
		HideSolutionNode = FALSE
	EndGlobalSection
	GlobalSection(ExtensibilityGlobals) = postSolution
		SolutionGuid = {086085A9-2E6A-4013-9DD8-B606AD127ACB}
	EndGlobalSection
EndGlobal
