
Microsoft Visual Studio Solution File, Format Version 12.00
# Visual Studio 15
VisualStudioVersion = 15.0.26430.16
MinimumVisualStudioVersion = 10.0.40219.1
Project("{D954291E-2A0B-460D-934E-DC6B0785DB48}") = "StoragePal", "StoragePal\StoragePal\StoragePal.shproj", "{2A361747-85E5-48D3-87DF-3D4CE2E99665}"
EndProject
Project("{FAE04EC0-301F-11D3-BF4B-00C04F79EFBC}") = "StoragePal.Android", "StoragePal\StoragePal.Android\StoragePal.Android.csproj", "{61B7D73D-1C06-4550-A0EF-50A6FF298AEA}"
EndProject
Project("{FAE04EC0-301F-11D3-BF4B-00C04F79EFBC}") = "StoragePal.iOS", "StoragePal\StoragePal.iOS\StoragePal.iOS.csproj", "{9758B8AA-7E82-4FA1-A19D-BCCF4CAF0C2A}"
EndProject
Project("{FAE04EC0-301F-11D3-BF4B-00C04F79EFBC}") = "StoragePal.UWP", "StoragePal\StoragePal.UWP\StoragePal.UWP.csproj", "{5B9B94B1-70F2-4435-ABDD-B50F4D7805B8}"
EndProject
Global
	GlobalSection(SharedMSBuildProjectFiles) = preSolution
		StoragePal\StoragePal\StoragePal.projitems*{2a361747-85e5-48d3-87df-3d4ce2e99665}*SharedItemsImports = 13
		StoragePal\StoragePal\StoragePal.projitems*{61b7d73d-1c06-4550-a0ef-50a6ff298aea}*SharedItemsImports = 4
		StoragePal\StoragePal\StoragePal.projitems*{9758b8aa-7e82-4fa1-a19d-bccf4caf0c2a}*SharedItemsImports = 4
	EndGlobalSection
	GlobalSection(SolutionConfigurationPlatforms) = preSolution
		Ad-Hoc|Any CPU = Ad-Hoc|Any CPU
		Ad-Hoc|ARM = Ad-Hoc|ARM
		Ad-Hoc|iPhone = Ad-Hoc|iPhone
		Ad-Hoc|iPhoneSimulator = Ad-Hoc|iPhoneSimulator
		Ad-Hoc|x64 = Ad-Hoc|x64
		Ad-Hoc|x86 = Ad-Hoc|x86
		AppStore|Any CPU = AppStore|Any CPU
		AppStore|ARM = AppStore|ARM
		AppStore|iPhone = AppStore|iPhone
		AppStore|iPhoneSimulator = AppStore|iPhoneSimulator
		AppStore|x64 = AppStore|x64
		AppStore|x86 = AppStore|x86
		Debug|Any CPU = Debug|Any CPU
		Debug|ARM = Debug|ARM
		Debug|iPhone = Debug|iPhone
		Debug|iPhoneSimulator = Debug|iPhoneSimulator
		Debug|x64 = Debug|x64
		Debug|x86 = Debug|x86
		Release|Any CPU = Release|Any CPU
		Release|ARM = Release|ARM
		Release|iPhone = Release|iPhone
		Release|iPhoneSimulator = Release|iPhoneSimulator
		Release|x64 = Release|x64
		Release|x86 = Release|x86
	EndGlobalSection
	GlobalSection(ProjectConfigurationPlatforms) = postSolution
		{61B7D73D-1C06-4550-A0EF-50A6FF298AEA}.Ad-Hoc|Any CPU.ActiveCfg = Release|Any CPU
		{61B7D73D-1C06-4550-A0EF-50A6FF298AEA}.Ad-Hoc|Any CPU.Build.0 = Release|Any CPU
		{61B7D73D-1C06-4550-A0EF-50A6FF298AEA}.Ad-Hoc|Any CPU.Deploy.0 = Release|Any CPU
		{61B7D73D-1C06-4550-A0EF-50A6FF298AEA}.Ad-Hoc|ARM.ActiveCfg = Release|Any CPU
		{61B7D73D-1C06-4550-A0EF-50A6FF298AEA}.Ad-Hoc|ARM.Build.0 = Release|Any CPU
		{61B7D73D-1C06-4550-A0EF-50A6FF298AEA}.Ad-Hoc|ARM.Deploy.0 = Release|Any CPU
		{61B7D73D-1C06-4550-A0EF-50A6FF298AEA}.Ad-Hoc|iPhone.ActiveCfg = Release|Any CPU
		{61B7D73D-1C06-4550-A0EF-50A6FF298AEA}.Ad-Hoc|iPhone.Build.0 = Release|Any CPU
		{61B7D73D-1C06-4550-A0EF-50A6FF298AEA}.Ad-Hoc|iPhone.Deploy.0 = Release|Any CPU
		{61B7D73D-1C06-4550-A0EF-50A6FF298AEA}.Ad-Hoc|iPhoneSimulator.ActiveCfg = Release|Any CPU
		{61B7D73D-1C06-4550-A0EF-50A6FF298AEA}.Ad-Hoc|iPhoneSimulator.Build.0 = Release|Any CPU
		{61B7D73D-1C06-4550-A0EF-50A6FF298AEA}.Ad-Hoc|iPhoneSimulator.Deploy.0 = Release|Any CPU
		{61B7D73D-1C06-4550-A0EF-50A6FF298AEA}.Ad-Hoc|x64.ActiveCfg = Release|Any CPU
		{61B7D73D-1C06-4550-A0EF-50A6FF298AEA}.Ad-Hoc|x64.Build.0 = Release|Any CPU
		{61B7D73D-1C06-4550-A0EF-50A6FF298AEA}.Ad-Hoc|x64.Deploy.0 = Release|Any CPU
		{61B7D73D-1C06-4550-A0EF-50A6FF298AEA}.Ad-Hoc|x86.ActiveCfg = Release|Any CPU
		{61B7D73D-1C06-4550-A0EF-50A6FF298AEA}.Ad-Hoc|x86.Build.0 = Release|Any CPU
		{61B7D73D-1C06-4550-A0EF-50A6FF298AEA}.Ad-Hoc|x86.Deploy.0 = Release|Any CPU
		{61B7D73D-1C06-4550-A0EF-50A6FF298AEA}.AppStore|Any CPU.ActiveCfg = Release|Any CPU
		{61B7D73D-1C06-4550-A0EF-50A6FF298AEA}.AppStore|Any CPU.Build.0 = Release|Any CPU
		{61B7D73D-1C06-4550-A0EF-50A6FF298AEA}.AppStore|Any CPU.Deploy.0 = Release|Any CPU
		{61B7D73D-1C06-4550-A0EF-50A6FF298AEA}.AppStore|ARM.ActiveCfg = Release|Any CPU
		{61B7D73D-1C06-4550-A0EF-50A6FF298AEA}.AppStore|ARM.Build.0 = Release|Any CPU
		{61B7D73D-1C06-4550-A0EF-50A6FF298AEA}.AppStore|ARM.Deploy.0 = Release|Any CPU
		{61B7D73D-1C06-4550-A0EF-50A6FF298AEA}.AppStore|iPhone.ActiveCfg = Release|Any CPU
		{61B7D73D-1C06-4550-A0EF-50A6FF298AEA}.AppStore|iPhone.Build.0 = Release|Any CPU
		{61B7D73D-1C06-4550-A0EF-50A6FF298AEA}.AppStore|iPhone.Deploy.0 = Release|Any CPU
		{61B7D73D-1C06-4550-A0EF-50A6FF298AEA}.AppStore|iPhoneSimulator.ActiveCfg = Release|Any CPU
		{61B7D73D-1C06-4550-A0EF-50A6FF298AEA}.AppStore|iPhoneSimulator.Build.0 = Release|Any CPU
		{61B7D73D-1C06-4550-A0EF-50A6FF298AEA}.AppStore|iPhoneSimulator.Deploy.0 = Release|Any CPU
		{61B7D73D-1C06-4550-A0EF-50A6FF298AEA}.AppStore|x64.ActiveCfg = Release|Any CPU
		{61B7D73D-1C06-4550-A0EF-50A6FF298AEA}.AppStore|x64.Build.0 = Release|Any CPU
		{61B7D73D-1C06-4550-A0EF-50A6FF298AEA}.AppStore|x64.Deploy.0 = Release|Any CPU
		{61B7D73D-1C06-4550-A0EF-50A6FF298AEA}.AppStore|x86.ActiveCfg = Release|Any CPU
		{61B7D73D-1C06-4550-A0EF-50A6FF298AEA}.AppStore|x86.Build.0 = Release|Any CPU
		{61B7D73D-1C06-4550-A0EF-50A6FF298AEA}.AppStore|x86.Deploy.0 = Release|Any CPU
		{61B7D73D-1C06-4550-A0EF-50A6FF298AEA}.Debug|Any CPU.ActiveCfg = Debug|Any CPU
		{61B7D73D-1C06-4550-A0EF-50A6FF298AEA}.Debug|Any CPU.Build.0 = Debug|Any CPU
		{61B7D73D-1C06-4550-A0EF-50A6FF298AEA}.Debug|Any CPU.Deploy.0 = Debug|Any CPU
		{61B7D73D-1C06-4550-A0EF-50A6FF298AEA}.Debug|ARM.ActiveCfg = Debug|Any CPU
		{61B7D73D-1C06-4550-A0EF-50A6FF298AEA}.Debug|ARM.Build.0 = Debug|Any CPU
		{61B7D73D-1C06-4550-A0EF-50A6FF298AEA}.Debug|ARM.Deploy.0 = Debug|Any CPU
		{61B7D73D-1C06-4550-A0EF-50A6FF298AEA}.Debug|iPhone.ActiveCfg = Debug|Any CPU
		{61B7D73D-1C06-4550-A0EF-50A6FF298AEA}.Debug|iPhone.Build.0 = Debug|Any CPU
		{61B7D73D-1C06-4550-A0EF-50A6FF298AEA}.Debug|iPhone.Deploy.0 = Debug|Any CPU
		{61B7D73D-1C06-4550-A0EF-50A6FF298AEA}.Debug|iPhoneSimulator.ActiveCfg = Debug|Any CPU
		{61B7D73D-1C06-4550-A0EF-50A6FF298AEA}.Debug|iPhoneSimulator.Build.0 = Debug|Any CPU
		{61B7D73D-1C06-4550-A0EF-50A6FF298AEA}.Debug|iPhoneSimulator.Deploy.0 = Debug|Any CPU
		{61B7D73D-1C06-4550-A0EF-50A6FF298AEA}.Debug|x64.ActiveCfg = Debug|Any CPU
		{61B7D73D-1C06-4550-A0EF-50A6FF298AEA}.Debug|x64.Build.0 = Debug|Any CPU
		{61B7D73D-1C06-4550-A0EF-50A6FF298AEA}.Debug|x64.Deploy.0 = Debug|Any CPU
		{61B7D73D-1C06-4550-A0EF-50A6FF298AEA}.Debug|x86.ActiveCfg = Debug|Any CPU
		{61B7D73D-1C06-4550-A0EF-50A6FF298AEA}.Debug|x86.Build.0 = Debug|Any CPU
		{61B7D73D-1C06-4550-A0EF-50A6FF298AEA}.Debug|x86.Deploy.0 = Debug|Any CPU
		{61B7D73D-1C06-4550-A0EF-50A6FF298AEA}.Release|Any CPU.ActiveCfg = Release|Any CPU
		{61B7D73D-1C06-4550-A0EF-50A6FF298AEA}.Release|Any CPU.Build.0 = Release|Any CPU
		{61B7D73D-1C06-4550-A0EF-50A6FF298AEA}.Release|Any CPU.Deploy.0 = Release|Any CPU
		{61B7D73D-1C06-4550-A0EF-50A6FF298AEA}.Release|ARM.ActiveCfg = Release|Any CPU
		{61B7D73D-1C06-4550-A0EF-50A6FF298AEA}.Release|ARM.Build.0 = Release|Any CPU
		{61B7D73D-1C06-4550-A0EF-50A6FF298AEA}.Release|ARM.Deploy.0 = Release|Any CPU
		{61B7D73D-1C06-4550-A0EF-50A6FF298AEA}.Release|iPhone.ActiveCfg = Release|Any CPU
		{61B7D73D-1C06-4550-A0EF-50A6FF298AEA}.Release|iPhone.Build.0 = Release|Any CPU
		{61B7D73D-1C06-4550-A0EF-50A6FF298AEA}.Release|iPhone.Deploy.0 = Release|Any CPU
		{61B7D73D-1C06-4550-A0EF-50A6FF298AEA}.Release|iPhoneSimulator.ActiveCfg = Release|Any CPU
		{61B7D73D-1C06-4550-A0EF-50A6FF298AEA}.Release|iPhoneSimulator.Build.0 = Release|Any CPU
		{61B7D73D-1C06-4550-A0EF-50A6FF298AEA}.Release|iPhoneSimulator.Deploy.0 = Release|Any CPU
		{61B7D73D-1C06-4550-A0EF-50A6FF298AEA}.Release|x64.ActiveCfg = Release|Any CPU
		{61B7D73D-1C06-4550-A0EF-50A6FF298AEA}.Release|x64.Build.0 = Release|Any CPU
		{61B7D73D-1C06-4550-A0EF-50A6FF298AEA}.Release|x64.Deploy.0 = Release|Any CPU
		{61B7D73D-1C06-4550-A0EF-50A6FF298AEA}.Release|x86.ActiveCfg = Release|Any CPU
		{61B7D73D-1C06-4550-A0EF-50A6FF298AEA}.Release|x86.Build.0 = Release|Any CPU
		{61B7D73D-1C06-4550-A0EF-50A6FF298AEA}.Release|x86.Deploy.0 = Release|Any CPU
		{9758B8AA-7E82-4FA1-A19D-BCCF4CAF0C2A}.Ad-Hoc|Any CPU.ActiveCfg = Ad-Hoc|iPhone
		{9758B8AA-7E82-4FA1-A19D-BCCF4CAF0C2A}.Ad-Hoc|ARM.ActiveCfg = Ad-Hoc|iPhone
		{9758B8AA-7E82-4FA1-A19D-BCCF4CAF0C2A}.Ad-Hoc|iPhone.ActiveCfg = Ad-Hoc|iPhone
		{9758B8AA-7E82-4FA1-A19D-BCCF4CAF0C2A}.Ad-Hoc|iPhone.Build.0 = Ad-Hoc|iPhone
		{9758B8AA-7E82-4FA1-A19D-BCCF4CAF0C2A}.Ad-Hoc|iPhoneSimulator.ActiveCfg = Ad-Hoc|iPhoneSimulator
		{9758B8AA-7E82-4FA1-A19D-BCCF4CAF0C2A}.Ad-Hoc|iPhoneSimulator.Build.0 = Ad-Hoc|iPhoneSimulator
		{9758B8AA-7E82-4FA1-A19D-BCCF4CAF0C2A}.Ad-Hoc|x64.ActiveCfg = Ad-Hoc|iPhone
		{9758B8AA-7E82-4FA1-A19D-BCCF4CAF0C2A}.Ad-Hoc|x86.ActiveCfg = Ad-Hoc|iPhone
		{9758B8AA-7E82-4FA1-A19D-BCCF4CAF0C2A}.AppStore|Any CPU.ActiveCfg = AppStore|iPhone
		{9758B8AA-7E82-4FA1-A19D-BCCF4CAF0C2A}.AppStore|ARM.ActiveCfg = AppStore|iPhone
		{9758B8AA-7E82-4FA1-A19D-BCCF4CAF0C2A}.AppStore|iPhone.ActiveCfg = AppStore|iPhone
		{9758B8AA-7E82-4FA1-A19D-BCCF4CAF0C2A}.AppStore|iPhone.Build.0 = AppStore|iPhone
		{9758B8AA-7E82-4FA1-A19D-BCCF4CAF0C2A}.AppStore|iPhoneSimulator.ActiveCfg = AppStore|iPhoneSimulator
		{9758B8AA-7E82-4FA1-A19D-BCCF4CAF0C2A}.AppStore|iPhoneSimulator.Build.0 = AppStore|iPhoneSimulator
		{9758B8AA-7E82-4FA1-A19D-BCCF4CAF0C2A}.AppStore|x64.ActiveCfg = AppStore|iPhone
		{9758B8AA-7E82-4FA1-A19D-BCCF4CAF0C2A}.AppStore|x86.ActiveCfg = AppStore|iPhone
		{9758B8AA-7E82-4FA1-A19D-BCCF4CAF0C2A}.Debug|Any CPU.ActiveCfg = Debug|iPhone
		{9758B8AA-7E82-4FA1-A19D-BCCF4CAF0C2A}.Debug|ARM.ActiveCfg = Debug|iPhone
		{9758B8AA-7E82-4FA1-A19D-BCCF4CAF0C2A}.Debug|iPhone.ActiveCfg = Debug|iPhone
		{9758B8AA-7E82-4FA1-A19D-BCCF4CAF0C2A}.Debug|iPhone.Build.0 = Debug|iPhone
		{9758B8AA-7E82-4FA1-A19D-BCCF4CAF0C2A}.Debug|iPhoneSimulator.ActiveCfg = Debug|iPhoneSimulator
		{9758B8AA-7E82-4FA1-A19D-BCCF4CAF0C2A}.Debug|iPhoneSimulator.Build.0 = Debug|iPhoneSimulator
		{9758B8AA-7E82-4FA1-A19D-BCCF4CAF0C2A}.Debug|x64.ActiveCfg = Debug|iPhone
		{9758B8AA-7E82-4FA1-A19D-BCCF4CAF0C2A}.Debug|x86.ActiveCfg = Debug|iPhone
		{9758B8AA-7E82-4FA1-A19D-BCCF4CAF0C2A}.Release|Any CPU.ActiveCfg = Release|iPhone
		{9758B8AA-7E82-4FA1-A19D-BCCF4CAF0C2A}.Release|ARM.ActiveCfg = Release|iPhone
		{9758B8AA-7E82-4FA1-A19D-BCCF4CAF0C2A}.Release|iPhone.ActiveCfg = Release|iPhone
		{9758B8AA-7E82-4FA1-A19D-BCCF4CAF0C2A}.Release|iPhone.Build.0 = Release|iPhone
		{9758B8AA-7E82-4FA1-A19D-BCCF4CAF0C2A}.Release|iPhoneSimulator.ActiveCfg = Release|iPhoneSimulator
		{9758B8AA-7E82-4FA1-A19D-BCCF4CAF0C2A}.Release|iPhoneSimulator.Build.0 = Release|iPhoneSimulator
		{9758B8AA-7E82-4FA1-A19D-BCCF4CAF0C2A}.Release|x64.ActiveCfg = Release|iPhone
		{9758B8AA-7E82-4FA1-A19D-BCCF4CAF0C2A}.Release|x86.ActiveCfg = Release|iPhone
		{5B9B94B1-70F2-4435-ABDD-B50F4D7805B8}.Ad-Hoc|Any CPU.ActiveCfg = Release|x86
		{5B9B94B1-70F2-4435-ABDD-B50F4D7805B8}.Ad-Hoc|Any CPU.Build.0 = Release|x86
		{5B9B94B1-70F2-4435-ABDD-B50F4D7805B8}.Ad-Hoc|Any CPU.Deploy.0 = Release|x86
		{5B9B94B1-70F2-4435-ABDD-B50F4D7805B8}.Ad-Hoc|ARM.ActiveCfg = Release|ARM
		{5B9B94B1-70F2-4435-ABDD-B50F4D7805B8}.Ad-Hoc|ARM.Build.0 = Release|ARM
		{5B9B94B1-70F2-4435-ABDD-B50F4D7805B8}.Ad-Hoc|ARM.Deploy.0 = Release|ARM
		{5B9B94B1-70F2-4435-ABDD-B50F4D7805B8}.Ad-Hoc|iPhone.ActiveCfg = Release|x86
		{5B9B94B1-70F2-4435-ABDD-B50F4D7805B8}.Ad-Hoc|iPhone.Build.0 = Release|x86
		{5B9B94B1-70F2-4435-ABDD-B50F4D7805B8}.Ad-Hoc|iPhone.Deploy.0 = Release|x86
		{5B9B94B1-70F2-4435-ABDD-B50F4D7805B8}.Ad-Hoc|iPhoneSimulator.ActiveCfg = Release|x86
		{5B9B94B1-70F2-4435-ABDD-B50F4D7805B8}.Ad-Hoc|iPhoneSimulator.Build.0 = Release|x86
		{5B9B94B1-70F2-4435-ABDD-B50F4D7805B8}.Ad-Hoc|iPhoneSimulator.Deploy.0 = Release|x86
		{5B9B94B1-70F2-4435-ABDD-B50F4D7805B8}.Ad-Hoc|x64.ActiveCfg = Release|x64
		{5B9B94B1-70F2-4435-ABDD-B50F4D7805B8}.Ad-Hoc|x64.Build.0 = Release|x64
		{5B9B94B1-70F2-4435-ABDD-B50F4D7805B8}.Ad-Hoc|x64.Deploy.0 = Release|x64
		{5B9B94B1-70F2-4435-ABDD-B50F4D7805B8}.Ad-Hoc|x86.ActiveCfg = Release|x86
		{5B9B94B1-70F2-4435-ABDD-B50F4D7805B8}.Ad-Hoc|x86.Build.0 = Release|x86
		{5B9B94B1-70F2-4435-ABDD-B50F4D7805B8}.Ad-Hoc|x86.Deploy.0 = Release|x86
		{5B9B94B1-70F2-4435-ABDD-B50F4D7805B8}.AppStore|Any CPU.ActiveCfg = Release|x86
		{5B9B94B1-70F2-4435-ABDD-B50F4D7805B8}.AppStore|Any CPU.Build.0 = Release|x86
		{5B9B94B1-70F2-4435-ABDD-B50F4D7805B8}.AppStore|Any CPU.Deploy.0 = Release|x86
		{5B9B94B1-70F2-4435-ABDD-B50F4D7805B8}.AppStore|ARM.ActiveCfg = Release|ARM
		{5B9B94B1-70F2-4435-ABDD-B50F4D7805B8}.AppStore|ARM.Build.0 = Release|ARM
		{5B9B94B1-70F2-4435-ABDD-B50F4D7805B8}.AppStore|ARM.Deploy.0 = Release|ARM
		{5B9B94B1-70F2-4435-ABDD-B50F4D7805B8}.AppStore|iPhone.ActiveCfg = Release|x86
		{5B9B94B1-70F2-4435-ABDD-B50F4D7805B8}.AppStore|iPhone.Build.0 = Release|x86
		{5B9B94B1-70F2-4435-ABDD-B50F4D7805B8}.AppStore|iPhone.Deploy.0 = Release|x86
		{5B9B94B1-70F2-4435-ABDD-B50F4D7805B8}.AppStore|iPhoneSimulator.ActiveCfg = Release|x86
		{5B9B94B1-70F2-4435-ABDD-B50F4D7805B8}.AppStore|iPhoneSimulator.Build.0 = Release|x86
		{5B9B94B1-70F2-4435-ABDD-B50F4D7805B8}.AppStore|iPhoneSimulator.Deploy.0 = Release|x86
		{5B9B94B1-70F2-4435-ABDD-B50F4D7805B8}.AppStore|x64.ActiveCfg = Release|x64
		{5B9B94B1-70F2-4435-ABDD-B50F4D7805B8}.AppStore|x64.Build.0 = Release|x64
		{5B9B94B1-70F2-4435-ABDD-B50F4D7805B8}.AppStore|x64.Deploy.0 = Release|x64
		{5B9B94B1-70F2-4435-ABDD-B50F4D7805B8}.AppStore|x86.ActiveCfg = Release|x86
		{5B9B94B1-70F2-4435-ABDD-B50F4D7805B8}.AppStore|x86.Build.0 = Release|x86
		{5B9B94B1-70F2-4435-ABDD-B50F4D7805B8}.AppStore|x86.Deploy.0 = Release|x86
		{5B9B94B1-70F2-4435-ABDD-B50F4D7805B8}.Debug|Any CPU.ActiveCfg = Debug|x86
		{5B9B94B1-70F2-4435-ABDD-B50F4D7805B8}.Debug|ARM.ActiveCfg = Debug|ARM
		{5B9B94B1-70F2-4435-ABDD-B50F4D7805B8}.Debug|ARM.Build.0 = Debug|ARM
		{5B9B94B1-70F2-4435-ABDD-B50F4D7805B8}.Debug|ARM.Deploy.0 = Debug|ARM
		{5B9B94B1-70F2-4435-ABDD-B50F4D7805B8}.Debug|iPhone.ActiveCfg = Debug|x86
		{5B9B94B1-70F2-4435-ABDD-B50F4D7805B8}.Debug|iPhoneSimulator.ActiveCfg = Debug|x86
		{5B9B94B1-70F2-4435-ABDD-B50F4D7805B8}.Debug|x64.ActiveCfg = Debug|x64
		{5B9B94B1-70F2-4435-ABDD-B50F4D7805B8}.Debug|x64.Build.0 = Debug|x64
		{5B9B94B1-70F2-4435-ABDD-B50F4D7805B8}.Debug|x64.Deploy.0 = Debug|x64
		{5B9B94B1-70F2-4435-ABDD-B50F4D7805B8}.Debug|x86.ActiveCfg = Debug|x86
		{5B9B94B1-70F2-4435-ABDD-B50F4D7805B8}.Debug|x86.Build.0 = Debug|x86
		{5B9B94B1-70F2-4435-ABDD-B50F4D7805B8}.Debug|x86.Deploy.0 = Debug|x86
		{5B9B94B1-70F2-4435-ABDD-B50F4D7805B8}.Release|Any CPU.ActiveCfg = Release|x86
		{5B9B94B1-70F2-4435-ABDD-B50F4D7805B8}.Release|ARM.ActiveCfg = Release|ARM
		{5B9B94B1-70F2-4435-ABDD-B50F4D7805B8}.Release|ARM.Build.0 = Release|ARM
		{5B9B94B1-70F2-4435-ABDD-B50F4D7805B8}.Release|ARM.Deploy.0 = Release|ARM
		{5B9B94B1-70F2-4435-ABDD-B50F4D7805B8}.Release|iPhone.ActiveCfg = Release|x86
		{5B9B94B1-70F2-4435-ABDD-B50F4D7805B8}.Release|iPhoneSimulator.ActiveCfg = Release|x86
		{5B9B94B1-70F2-4435-ABDD-B50F4D7805B8}.Release|x64.ActiveCfg = Release|x64
		{5B9B94B1-70F2-4435-ABDD-B50F4D7805B8}.Release|x64.Build.0 = Release|x64
		{5B9B94B1-70F2-4435-ABDD-B50F4D7805B8}.Release|x64.Deploy.0 = Release|x64
		{5B9B94B1-70F2-4435-ABDD-B50F4D7805B8}.Release|x86.ActiveCfg = Release|x86
		{5B9B94B1-70F2-4435-ABDD-B50F4D7805B8}.Release|x86.Build.0 = Release|x86
		{5B9B94B1-70F2-4435-ABDD-B50F4D7805B8}.Release|x86.Deploy.0 = Release|x86
	EndGlobalSection
	GlobalSection(SolutionProperties) = preSolution
		HideSolutionNode = FALSE
	EndGlobalSection
EndGlobal
